Microsoft Visual Studio Solution File, Format Version 12.00
# Visual Studio Version 17
VisualStudioVersion = 17.5.2.0
MinimumVisualStudioVersion = 10.0.40219.1
Project("{FAE04EC0-301F-11D3-BF4B-00C04F79EFBC}") = "MyFixClient", "MyFixClient\MyFixClient.csproj", "{AC3C43E2-B7C7-C3AA-353A-F7D302F5D85D}"
EndProject
Global
	GlobalSection(SolutionConfigurationPlatforms) = preSolution
		Debug|Any CPU = Debug|Any CPU
		Release|Any CPU = Release|Any CPU
	EndGlobalSection
	GlobalSection(ProjectConfigurationPlatforms) = postSolution
		{AC3C43E2-B7C7-C3AA-353A-F7D302F5D85D}.Debug|Any CPU.ActiveCfg = Debug|Any CPU
		{AC3C43E2-B7C7-C3AA-353A-F7D302F5D85D}.Debug|Any CPU.Build.0 = Debug|Any CPU
		{AC3C43E2-B7C7-C3AA-353A-F7D302F5D85D}.Release|Any CPU.ActiveCfg = Release|Any CPU
		{AC3C43E2-B7C7-C3AA-353A-F7D302F5D85D}.Release|Any CPU.Build.0 = Release|Any CPU
	EndGlobalSection
	GlobalSection(SolutionProperties) = preSolution
		HideSolutionNode = FALSE
	EndGlobalSection
	GlobalSection(ExtensibilityGlobals) = postSolution
		SolutionGuid = {0A538C6F-1E31-48C2-9C41-57F640C092F5}
	EndGlobalSection
EndGlobal
